
Microsoft Visual Studio Solution File, Format Version 12.00
# Visual Studio 15
VisualStudioVersion = 15.0.28307.168
MinimumVisualStudioVersion = 10.0.40219.1
Project("{FAE04EC0-301F-11D3-BF4B-00C04F79EFBC}") = "C0709562", "C0709562\C0709562.csproj", "{7A63890A-0492-4050-9242-DA2ACFC1F7DE}"
EndProject
Global
	GlobalSection(SolutionConfigurationPlatforms) = preSolution
		Debug|Any CPU = Debug|Any CPU
		Release|Any CPU = Release|Any CPU
	EndGlobalSection
	GlobalSection(ProjectConfigurationPlatforms) = postSolution
		{7A63890A-0492-4050-9242-DA2ACFC1F7DE}.Debug|Any CPU.ActiveCfg = Debug|Any CPU
		{7A63890A-0492-4050-9242-DA2ACFC1F7DE}.Debug|Any CPU.Build.0 = Debug|Any CPU
		{7A63890A-0492-4050-9242-DA2ACFC1F7DE}.Release|Any CPU.ActiveCfg = Release|Any CPU
		{7A63890A-0492-4050-9242-DA2ACFC1F7DE}.Release|Any CPU.Build.0 = Release|Any CPU
	EndGlobalSection
	GlobalSection(SolutionProperties) = preSolution
		HideSolutionNode = FALSE
	EndGlobalSection
	GlobalSection(ExtensibilityGlobals) = postSolution
		SolutionGuid = {CD92BDA0-ECAA-46F4-A87C-7C853D46A995}
	EndGlobalSection
EndGlobal
